
Microsoft Visual Studio Solution File, Format Version 12.00
# Visual Studio Version 16
VisualStudioVersion = 16.0.31727.386
MinimumVisualStudioVersion = 10.0.40219.1
Project("{8BC9CEB8-8B4A-11D0-8D11-00A0C91BC942}") = "CasinoGame", "CasinoGame\CasinoGame.vcxproj", "{7E7E749D-7621-4356-AA08-1D6FC1D498F3}"
EndProject
Global
	GlobalSection(SolutionConfigurationPlatforms) = preSolution
		Debug|x64 = Debug|x64
		Debug|x86 = Debug|x86
		Release|x64 = Release|x64
		Release|x86 = Release|x86
	EndGlobalSection
	GlobalSection(ProjectConfigurationPlatforms) = postSolution
		{7E7E749D-7621-4356-AA08-1D6FC1D498F3}.Debug|x64.ActiveCfg = Debug|x64
		{7E7E749D-7621-4356-AA08-1D6FC1D498F3}.Debug|x64.Build.0 = Debug|x64
		{7E7E749D-7621-4356-AA08-1D6FC1D498F3}.Debug|x86.ActiveCfg = Debug|Win32
		{7E7E749D-7621-4356-AA08-1D6FC1D498F3}.Debug|x86.Build.0 = Debug|Win32
		{7E7E749D-7621-4356-AA08-1D6FC1D498F3}.Release|x64.ActiveCfg = Release|x64
		{7E7E749D-7621-4356-AA08-1D6FC1D498F3}.Release|x64.Build.0 = Release|x64
		{7E7E749D-7621-4356-AA08-1D6FC1D498F3}.Release|x86.ActiveCfg = Release|Win32
		{7E7E749D-7621-4356-AA08-1D6FC1D498F3}.Release|x86.Build.0 = Release|Win32
	EndGlobalSection
	GlobalSection(SolutionProperties) = preSolution
		HideSolutionNode = FALSE
	EndGlobalSection
	GlobalSection(ExtensibilityGlobals) = postSolution
		SolutionGuid = {39CCD0D3-63A2-4832-8C20-01CEAC8EE85A}
	EndGlobalSection
EndGlobal
